// !$*UTF8*$!
{
	archiveVersion = 1;
	classes = {
	};
	objectVersion = 46;
	objects = {

/* Begin PBXBuildFile section */
		05F6236E1DBE9031006FA274 /* AppDelegate.swift in Sources */ = {isa = PBXBuildFile; fileRef = 05F6236D1DBE9031006FA274 /* AppDelegate.swift */; };
		05F623701DBE9031006FA274 /* ViewController.swift in Sources */ = {isa = PBXBuildFile; fileRef = 05F6236F1DBE9031006FA274 /* ViewController.swift */; };
		05F623731DBE9031006FA274 /* Main.storyboard in Resources */ = {isa = PBXBuildFile; fileRef = 05F623711DBE9031006FA274 /* Main.storyboard */; };
		05F623751DBE9031006FA274 /* Assets.xcassets in Resources */ = {isa = PBXBuildFile; fileRef = 05F623741DBE9031006FA274 /* Assets.xcassets */; };
		05F623781DBE9031006FA274 /* LaunchScreen.storyboard in Resources */ = {isa = PBXBuildFile; fileRef = 05F623761DBE9031006FA274 /* LaunchScreen.storyboard */; };
		05F623831DBE9031006FA274 /* NewNotificationsTests.swift in Sources */ = {isa = PBXBuildFile; fileRef = 05F623821DBE9031006FA274 /* NewNotificationsTests.swift */; };
/* End PBXBuildFile section */

/* Begin PBXContainerItemProxy section */
		05F6237F1DBE9031006FA274 /* PBXContainerItemProxy */ = {
			isa = PBXContainerItemProxy;
			containerPortal = 05F623621DBE9031006FA274 /* Project object */;
			proxyType = 1;
			remoteGlobalIDString = 05F623691DBE9031006FA274;
			remoteInfo = NewNotifications;
		};
/* End PBXContainerItemProxy section */

/* Begin PBXFileReference section */
		05F6236A1DBE9031006FA274 /* NewNotifications.app */ = {isa = PBXFileReference; explicitFileType = wrapper.application; includeInIndex = 0; path = NewNotifications.app; sourceTree = BUILT_PRODUCTS_DIR; };
		05F6236D1DBE9031006FA274 /* AppDelegate.swift */ = {isa = PBXFileReference; lastKnownFileType = sourcecode.swift; path = AppDelegate.swift; sourceTree = "<group>"; };
		05F6236F1DBE9031006FA274 /* ViewController.swift */ = {isa = PBXFileReference; lastKnownFileType = sourcecode.swift; path = ViewController.swift; sourceTree = "<group>"; };
		05F623721DBE9031006FA274 /* Base */ = {isa = PBXFileReference; lastKnownFileType = file.storyboard; name = Base; path = Base.lproj/Main.storyboard; sourceTree = "<group>"; };
		05F623741DBE9031006FA274 /* Assets.xcassets */ = {isa = PBXFileReference; lastKnownFileType = folder.assetcatalog; path = Assets.xcassets; sourceTree = "<group>"; };
		05F623771DBE9031006FA274 /* Base */ = {isa = PBXFileReference; lastKnownFileType = file.storyboard; name = Base; path = Base.lproj/LaunchScreen.storyboard; sourceTree = "<group>"; };
		05F623791DBE9031006FA274 /* Info.plist */ = {isa = PBXFileReference; lastKnownFileType = text.plist.xml; path = Info.plist; sourceTree = "<group>"; };
		05F6237E1DBE9031006FA274 /* NewNotificationsTests.xctest */ = {isa = PBXFileReference; explicitFileType = wrapper.cfbundle; includeInIndex = 0; path = NewNotificationsTests.xctest; sourceTree = BUILT_PRODUCTS_DIR; };
		05F623821DBE9031006FA274 /* NewNotificationsTests.swift */ = {isa = PBXFileReference; lastKnownFileType = sourcecode.swift; path = NewNotificationsTests.swift; sourceTree = "<group>"; };
		05F623841DBE9031006FA274 /* Info.plist */ = {isa = PBXFileReference; lastKnownFileType = text.plist.xml; path = Info.plist; sourceTree = "<group>"; };
/* End PBXFileReference section */

/* Begin PBXFrameworksBuildPhase section */
		05F623671DBE9031006FA274 /* Frameworks */ = {
			isa = PBXFrameworksBuildPhase;
			buildActionMask = 2147483647;
			files = (
			);
			runOnlyForDeploymentPostprocessing = 0;
		};
		05F6237B1DBE9031006FA274 /* Frameworks */ = {
			isa = PBXFrameworksBuildPhase;
			buildActionMask = 2147483647;
			files = (
			);
			runOnlyForDeploymentPostprocessing = 0;
		};
/* End PBXFrameworksBuildPhase section */

/* Begin PBXGroup section */
		05F623611DBE9031006FA274 = {
			isa = PBXGroup;
			children = (
				05F6236C1DBE9031006FA274 /* NewNotifications */,
				05F623811DBE9031006FA274 /* NewNotificationsTests */,
				05F6236B1DBE9031006FA274 /* Products */,
			);
			sourceTree = "<group>";
		};
		05F6236B1DBE9031006FA274 /* Products */ = {
			isa = PBXGroup;
			children = (
				05F6236A1DBE9031006FA274 /* NewNotifications.app */,
				05F6237E1DBE9031006FA274 /* NewNotificationsTests.xctest */,
			);
			name = Products;
			sourceTree = "<group>";
		};
		05F6236C1DBE9031006FA274 /* NewNotifications */ = {
			isa = PBXGroup;
			children = (
				05F6236D1DBE9031006FA274 /* AppDelegate.swift */,
				05F6236F1DBE9031006FA274 /* ViewController.swift */,
				05F623711DBE9031006FA274 /* Main.storyboard */,
				05F623741DBE9031006FA274 /* Assets.xcassets */,
				05F623761DBE9031006FA274 /* LaunchScreen.storyboard */,
				05F623791DBE9031006FA274 /* Info.plist */,
			);
			path = NewNotifications;
			sourceTree = "<group>";
		};
		05F623811DBE9031006FA274 /* NewNotificationsTests */ = {
			isa = PBXGroup;
			children = (
				05F623821DBE9031006FA274 /* NewNotificationsTests.swift */,
				05F623841DBE9031006FA274 /* Info.plist */,
			);
			path = NewNotificationsTests;
			sourceTree = "<group>";
		};
/* End PBXGroup section */

/* Begin PBXNativeTarget section */
		05F623691DBE9031006FA274 /* NewNotifications */ = {
			isa = PBXNativeTarget;
			buildConfigurationList = 05F623871DBE9031006FA274 /* Build configuration list for PBXNativeTarget "NewNotifications" */;
			buildPhases = (
				05F623661DBE9031006FA274 /* Sources */,
				05F623671DBE9031006FA274 /* Frameworks */,
				05F623681DBE9031006FA274 /* Resources */,
			);
			buildRules = (
			);
			dependencies = (
			);
			name = NewNotifications;
			productName = NewNotifications;
			productReference = 05F6236A1DBE9031006FA274 /* NewNotifications.app */;
			productType = "com.apple.product-type.application";
		};
		05F6237D1DBE9031006FA274 /* NewNotificationsTests */ = {
			isa = PBXNativeTarget;
			buildConfigurationList = 05F6238A1DBE9031006FA274 /* Build configuration list for PBXNativeTarget "NewNotificationsTests" */;
			buildPhases = (
				05F6237A1DBE9031006FA274 /* Sources */,
				05F6237B1DBE9031006FA274 /* Frameworks */,
				05F6237C1DBE9031006FA274 /* Resources */,
			);
			buildRules = (
			);
			dependencies = (
				05F623801DBE9031006FA274 /* PBXTargetDependency */,
			);
			name = NewNotificationsTests;
			productName = NewNotificationsTests;
			productReference = 05F6237E1DBE9031006FA274 /* NewNotificationsTests.xctest */;
			productType = "com.apple.product-type.bundle.unit-test";
		};
/* End PBXNativeTarget section */

/* Begin PBXProject section */
		05F623621DBE9031006FA274 /* Project object */ = {
			isa = PBXProject;
			attributes = {
				LastSwiftUpdateCheck = 0800;
				LastUpgradeCheck = 0800;
				ORGANIZATIONNAME = MyBCloud;
				TargetAttributes = {
					05F623691DBE9031006FA274 = {
						CreatedOnToolsVersion = 8.0;
						DevelopmentTeam = L3LXP6A8G3;
						ProvisioningStyle = Automatic;
					};
					05F6237D1DBE9031006FA274 = {
						CreatedOnToolsVersion = 8.0;
						DevelopmentTeam = L3LXP6A8G3;
						ProvisioningStyle = Automatic;
						TestTargetID = 05F623691DBE9031006FA274;
					};
				};
			};
			buildConfigurationList = 05F623651DBE9031006FA274 /* Build configuration list for PBXProject "NewNotifications" */;
			compatibilityVersion = "Xcode 3.2";
			developmentRegion = English;
			hasScannedForEncodings = 0;
			knownRegions = (
				en,
				Base,
			);
			mainGroup = 05F623611DBE9031006FA274;
			productRefGroup = 05F6236B1DBE9031006FA274 /* Products */;
			projectDirPath = "";
			projectRoot = "";
			targets = (
				05F623691DBE9031006FA274 /* NewNotifications */,
				05F6237D1DBE9031006FA274 /* NewNotificationsTests */,
			);
		};
/* End PBXProject section */

/* Begin PBXResourcesBuildPhase section */
		05F623681DBE9031006FA274 /* Resources */ = {
			isa = PBXResourcesBuildPhase;
			buildActionMask = 2147483647;
			files = (
				05F623781DBE9031006FA274 /* LaunchScreen.storyboard in Resources */,
				05F623751DBE9031006FA274 /* Assets.xcassets in Resources */,
				05F623731DBE9031006FA274 /* Main.storyboard in Resources */,
			);
			runOnlyForDeploymentPostprocessing = 0;
		};
		05F6237C1DBE9031006FA274 /* Resources */ = {
			isa = PBXResourcesBuildPhase;
			buildActionMask = 2147483647;
			files = (
			);
			runOnlyForDeploymentPostprocessing = 0;
		};
/* End PBXResourcesBuildPhase section */

/* Begin PBXSourcesBuildPhase section */
		05F623661DBE9031006FA274 /* Sources */ = {
			isa = PBXSourcesBuildPhase;
			buildActionMask = 2147483647;
			files = (
				05F623701DBE9031006FA274 /* ViewController.swift in Sources */,
				05F6236E1DBE9031006FA274 /* AppDelegate.swift in Sources */,
			);
			runOnlyForDeploymentPostprocessing = 0;
		};
		05F6237A1DBE9031006FA274 /* Sources */ = {
			isa = PBXSourcesBuildPhase;
			buildActionMask = 2147483647;
			files = (
				05F623831DBE9031006FA274 /* NewNotificationsTests.swift in Sources */,
			);
			runOnlyForDeploymentPostprocessing = 0;
		};
/* End PBXSourcesBuildPhase section */

/* Begin PBXTargetDependency section */
		05F623801DBE9031006FA274 /* PBXTargetDependency */ = {
			isa = PBXTargetDependency;
			target = 05F623691DBE9031006FA274 /* NewNotifications */;
			targetProxy = 05F6237F1DBE9031006FA274 /* PBXContainerItemProxy */;
		};
/* End PBXTargetDependency section */

/* Begin PBXVariantGroup section */
		05F623711DBE9031006FA274 /* Main.storyboard */ = {
			isa = PBXVariantGroup;
			children = (
				05F623721DBE9031006FA274 /* Base */,
			);
			name = Main.storyboard;
			sourceTree = "<group>";
		};
		05F623761DBE9031006FA274 /* LaunchScreen.storyboard */ = {
			isa = PBXVariantGroup;
			children = (
				05F623771DBE9031006FA274 /* Base */,
			);
			name = LaunchScreen.storyboard;
			sourceTree = "<group>";
		};
/* End PBXVariantGroup section */

/* Begin XCBuildConfiguration section */
		05F623851DBE9031006FA274 /* Debug */ = {
			isa = XCBuildConfiguration;
			buildSettings = {
				ALWAYS_SEARCH_USER_PATHS = NO;
				CLANG_ANALYZER_NONNULL = YES;
				CLANG_CXX_LANGUAGE_STANDARD = "gnu++0x";
				CLANG_CXX_LIBRARY = "libc++";
				CLANG_ENABLE_MODULES = YES;
				CLANG_ENABLE_OBJC_ARC = YES;
				CLANG_WARN_BOOL_CONVERSION = YES;
				CLANG_WARN_CONSTANT_CONVERSION = YES;
				CLANG_WARN_DIRECT_OBJC_ISA_USAGE = YES_ERROR;
				CLANG_WARN_DOCUMENTATION_COMMENTS = YES;
				CLANG_WARN_EMPTY_BODY = YES;
				CLANG_WARN_ENUM_CONVERSION = YES;
				CLANG_WARN_INFINITE_RECURSION = YES;
				CLANG_WARN_INT_CONVERSION = YES;
				CLANG_WARN_OBJC_ROOT_CLASS = YES_ERROR;
				CLANG_WARN_SUSPICIOUS_MOVES = YES;
				CLANG_WARN_UNREACHABLE_CODE = YES;
				CLANG_WARN__DUPLICATE_METHOD_MATCH = YES;
				"CODE_SIGN_IDENTITY[sdk=iphoneos*]" = "iPhone Developer";
				COPY_PHASE_STRIP = NO;
				DEBUG_INFORMATION_FORMAT = dwarf;
				ENABLE_STRICT_OBJC_MSGSEND = YES;
				ENABLE_TESTABILITY = YES;
				GCC_C_LANGUAGE_STANDARD = gnu99;
				GCC_DYNAMIC_NO_PIC = NO;
				GCC_NO_COMMON_BLOCKS = YES;
				GCC_OPTIMIZATION_LEVEL = 0;
				GCC_PREPROCESSOR_DEFINITIONS = (
					"DEBUG=1",
					"$(inherited)",
				);
				GCC_WARN_64_TO_32_BIT_CONVERSION = YES;
				GCC_WARN_ABOUT_RETURN_TYPE = YES_ERROR;
				GCC_WARN_UNDECLARED_SELECTOR = YES;
				GCC_WARN_UNINITIALIZED_AUTOS = YES_AGGRESSIVE;
				GCC_WARN_UNUSED_FUNCTION = YES;
				GCC_WARN_UNUSED_VARIABLE = YES;
				IPHONEOS_DEPLOYMENT_TARGET = 10.0;
				MTL_ENABLE_DEBUG_INFO = YES;
				ONLY_ACTIVE_ARCH = YES;
				SDKROOT = iphoneos;
				SWIFT_ACTIVE_COMPILATION_CONDITIONS = DEBUG;
				SWIFT_OPTIMIZATION_LEVEL = "-Onone";
			};
			name = Debug;
		};
		05F623861DBE9031006FA274 /* Release */ = {
			isa = XCBuildConfiguration;
			buildSettings = {
				ALWAYS_SEARCH_USER_PATHS = NO;
				CLANG_ANALYZER_NONNULL = YES;
				CLANG_CXX_LANGUAGE_STANDARD = "gnu++0x";
				CLANG_CXX_LIBRARY = "libc++";
				CLANG_ENABLE_MODULES = YES;
				CLANG_ENABLE_OBJC_ARC = YES;
				CLANG_WARN_BOOL_CONVERSION = YES;
				CLANG_WARN_CONSTANT_CONVERSION = YES;
				CLANG_WARN_DIRECT_OBJC_ISA_USAGE = YES_ERROR;
				CLANG_WARN_DOCUMENTATION_COMMENTS = YES;
				CLANG_WARN_EMPTY_BODY = YES;
				CLANG_WARN_ENUM_CONVERSION = YES;
				CLANG_WARN_INFINITE_RECURSION = YES;
				CLANG_WARN_INT_CONVERSION = YES;
				CLANG_WARN_OBJC_ROOT_CLASS = YES_ERROR;
				CLANG_WARN_SUSPICIOUS_MOVES = YES;
				CLANG_WARN_UNREACHABLE_CODE = YES;
				CLANG_WARN__DUPLICATE_METHOD_MATCH = YES;
				"CODE_SIGN_IDENTITY[sdk=iphoneos*]" = "iPhone Developer";
				COPY_PHASE_STRIP = NO;
				DEBUG_INFORMATION_FORMAT = "dwarf-with-dsym";
				ENABLE_NS_ASSERTIONS = NO;
				ENABLE_STRICT_OBJC_MSGSEND = YES;
				GCC_C_LANGUAGE_STANDARD = gnu99;
				GCC_NO_COMMON_BLOCKS = YES;
				GCC_WARN_64_TO_32_BIT_CONVERSION = YES;
				GCC_WARN_ABOUT_RETURN_TYPE = YES_ERROR;
				GCC_WARN_UNDECLARED_SELECTOR = YES;
				GCC_WARN_UNINITIALIZED_AUTOS = YES_AGGRESSIVE;
				GCC_WARN_UNUSED_FUNCTION = YES;
				GCC_WARN_UNUSED_VARIABLE = YES;
				IPHONEOS_DEPLOYMENT_TARGET = 10.0;
				MTL_ENABLE_DEBUG_INFO = NO;
				SDKROOT = iphoneos;
				SWIFT_OPTIMIZATION_LEVEL = "-Owholemodule";
				VALIDATE_PRODUCT = YES;
			};
			name = Release;
		};
		05F623881DBE9031006FA274 /* Debug */ = {
			isa = XCBuildConfiguration;
			buildSettings = {
				ASSETCATALOG_COMPILER_APPICON_NAME = AppIcon;
				DEVELOPMENT_TEAM = L3LXP6A8G3;
				INFOPLIST_FILE = NewNotifications/Info.plist;
				LD_RUNPATH_SEARCH_PATHS = "$(inherited) @executable_path/Frameworks";
				PRODUCT_BUNDLE_IDENTIFIER = es.Mybcloud.NewNotifications;
				PRODUCT_NAME = "$(TARGET_NAME)";
				SWIFT_VERSION = 3.0;
			};
			name = Debug;
		};
		05F623891DBE9031006FA274 /* Release */ = {
			isa = XCBuildConfiguration;
			buildSettings = {
				ASSETCATALOG_COMPILER_APPICON_NAME = AppIcon;
				DEVELOPMENT_TEAM = L3LXP6A8G3;
				INFOPLIST_FILE = NewNotifications/Info.plist;
				LD_RUNPATH_SEARCH_PATHS = "$(inherited) @executable_path/Frameworks";
				PRODUCT_BUNDLE_IDENTIFIER = es.Mybcloud.NewNotifications;
				PRODUCT_NAME = "$(TARGET_NAME)";
				SWIFT_VERSION = 3.0;
			};
			name = Release;
		};
		05F6238B1DBE9031006FA274 /* Debug */ = {
			isa = XCBuildConfiguration;
			buildSettings = {
				ALWAYS_EMBED_SWIFT_STANDARD_LIBRARIES = YES;
				BUNDLE_LOADER = "$(TEST_HOST)";
				DEVELOPMENT_TEAM = L3LXP6A8G3;
				INFOPLIST_FILE = NewNotificationsTests/Info.plist;
				LD_RUNPATH_SEARCH_PATHS = "$(inherited) @executable_path/Frameworks @loader_path/Frameworks";
				PRODUCT_BUNDLE_IDENTIFIER = es.Mybcloud.NewNotificationsTests;
				PRODUCT_NAME = "$(TARGET_NAME)";
				SWIFT_VERSION = 3.0;
				TEST_HOST = "$(BUILT_PRODUCTS_DIR)/NewNotifications.app/NewNotifications";
			};
			name = Debug;
		};
		05F6238C1DBE9031006FA274 /* Release */ = {
			isa = XCBuildConfiguration;
			buildSettings = {
				ALWAYS_EMBED_SWIFT_STANDARD_LIBRARIES = YES;
				BUNDLE_LOADER = "$(TEST_HOST)";
				DEVELOPMENT_TEAM = L3LXP6A8G3;
				INFOPLIST_FILE = NewNotificationsTests/Info.plist;
				LD_RUNPATH_SEARCH_PATHS = "$(inherited) @executable_path/Frameworks @loader_path/Frameworks";
				PRODUCT_BUNDLE_IDENTIFIER = es.Mybcloud.NewNotificationsTests;
				PRODUCT_NAME = "$(TARGET_NAME)";
				SWIFT_VERSION = 3.0;
				TEST_HOST = "$(BUILT_PRODUCTS_DIR)/NewNotifications.app/NewNotifications";
			};
			name = Release;
		};
/* End XCBuildConfiguration section */

/* Begin XCConfigurationList section */
		05F623651DBE9031006FA274 /* Build configuration list for PBXProject "NewNotifications" */ = {
			isa = XCConfigurationList;
			buildConfigurations = (
				05F623851DBE9031006FA274 /* Debug */,
				05F623861DBE9031006FA274 /* Release */,
			);
			defaultConfigurationIsVisible = 0;
			defaultConfigurationName = Release;
		};
		05F623871DBE9031006FA274 /* Build configuration list for PBXNativeTarget "NewNotifications" */ = {
			isa = XCConfigurationList;
			buildConfigurations = (
				05F623881DBE9031006FA274 /* Debug */,
				05F623891DBE9031006FA274 /* Release */,
			);
			defaultConfigurationIsVisible = 0;
		};
		05F6238A1DBE9031006FA274 /* Build configuration list for PBXNativeTarget "NewNotificationsTests" */ = {
			isa = XCConfigurationList;
			buildConfigurations = (
				05F6238B1DBE9031006FA274 /* Debug */,
				05F6238C1DBE9031006FA274 /* Release */,
			);
			defaultConfigurationIsVisible = 0;
		};
/* End XCConfigurationList section */
	};
	rootObject = 05F623621DBE9031006FA274 /* Project object */;
}
